PODS:
  - AuthLoginScreen (0.1.0):
    - DesignKit
    - Validator
  - DesignKit (0.1.0):
    - UIUtils
  - UIUtils (0.1.0)
  - Validator (3.2.1)

DEPENDENCIES:
  - AuthLoginScreen (from `../`)
  - DesignKit (from `../../DesignKit`)
  - UIUtils (from `../../UIUtils`)

SPEC REPOS:
  trunk:
    - Validator

EXTERNAL SOURCES:
  AuthLoginScreen:
    :path: "../"
  DesignKit:
    :path: "../../DesignKit"
  UIUtils:
    :path: "../../UIUtils"

SPEC CHECKSUMS:
  AuthLoginScreen: 220c0838361ae643e0486b280395e8efb7ff178b
  DesignKit: e3e210d54b91be6779b8db7f2ee73e9f643a9dad
  UIUtils: 0717d0deb9653664ebb73e9270b94e19878443d9
  Validator: 80a6f567220c962dfd2d9928ae98a8c1d164f6f4

PODFILE CHECKSUM: 1e17833c074cf24b60bd1df77b6b1d9fc79deb57

COCOAPODS: 1.9.0
