PODS:
  - AuthLoginScreen (0.1.0):
    - UIViewKit
    - Validator
  - UIViewKit (0.1.0)
  - Validator (3.2.1)

DEPENDENCIES:
  - AuthLoginScreen (from `../`)
  - UIViewKit (from `../../UIViewKit`)

SPEC REPOS:
  trunk:
    - Validator

EXTERNAL SOURCES:
  AuthLoginScreen:
    :path: "../"
  UIViewKit:
    :path: "../../UIViewKit"

SPEC CHECKSUMS:
  AuthLoginScreen: d20e1e5934e68d832915fa65a0df4d41467a4966
  UIViewKit: 8d8b12b203a9c4d13c1d060abb3f323a0ed626a5
  Validator: 80a6f567220c962dfd2d9928ae98a8c1d164f6f4

PODFILE CHECKSUM: 082f3168994b0965a8c0768d46ac8dd33b304668

COCOAPODS: 1.9.0
