PODS:
  - AuthLoginScreen (0.1.0):
    - DesignKit
    - UIUtils
    - Validator
  - DesignKit (0.1.0)
  - UIUtils (0.1.0)
  - Validator (3.2.1)

DEPENDENCIES:
  - AuthLoginScreen (from `../`)
  - DesignKit (from `../../DesignKit`)
  - UIUtils (from `../../UIUtils`)

SPEC REPOS:
  trunk:
    - Validator

EXTERNAL SOURCES:
  AuthLoginScreen:
    :path: "../"
  DesignKit:
    :path: "../../DesignKit"
  UIUtils:
    :path: "../../UIUtils"

SPEC CHECKSUMS:
  AuthLoginScreen: ec43dbbe3b8ae740e5ef9e0d1f3522baaf083300
  DesignKit: e849bed58124ef73b90b74e2756202b209bf2512
  UIUtils: d8a80c165e76b48b92192c5c5338a759c5ccfbb3
  Validator: 80a6f567220c962dfd2d9928ae98a8c1d164f6f4

PODFILE CHECKSUM: a9c98e2a76260f3cdfceb5fe395d58b29fec898a

COCOAPODS: 1.9.0
