PODS:
  - AuthPinScreen (0.1.0):
    - DesignKit
    - UIUtils
  - DesignKit (0.1.0)
  - UIUtils (0.1.0)

DEPENDENCIES:
  - AuthPinScreen (from `../`)
  - DesignKit (from `../../DesignKit`)
  - UIUtils (from `../../UIUtils`)

EXTERNAL SOURCES:
  AuthPinScreen:
    :path: "../"
  DesignKit:
    :path: "../../DesignKit"
  UIUtils:
    :path: "../../UIUtils"

SPEC CHECKSUMS:
  AuthPinScreen: 246efd2ea7385d6874c4c854fbb0ed3da13e618a
  DesignKit: e849bed58124ef73b90b74e2756202b209bf2512
  UIUtils: d8a80c165e76b48b92192c5c5338a759c5ccfbb3

PODFILE CHECKSUM: 449cb69a6bb33d1c81e0c7c8d8b00fcf30277526

COCOAPODS: 1.9.0
