PODS:
  - AuthPinScreen (0.1.0):
    - DesignKit
    - UIUtils
  - DesignKit (0.1.0):
    - UIUtils
  - UIUtils (0.1.0)

DEPENDENCIES:
  - AuthPinScreen (from `../`)
  - DesignKit (from `../../DesignKit`)
  - UIUtils (from `../../UIUtils`)

EXTERNAL SOURCES:
  AuthPinScreen:
    :path: "../"
  DesignKit:
    :path: "../../DesignKit"
  UIUtils:
    :path: "../../UIUtils"

SPEC CHECKSUMS:
  AuthPinScreen: 246efd2ea7385d6874c4c854fbb0ed3da13e618a
  DesignKit: e3e210d54b91be6779b8db7f2ee73e9f643a9dad
  UIUtils: 0717d0deb9653664ebb73e9270b94e19878443d9

PODFILE CHECKSUM: 449cb69a6bb33d1c81e0c7c8d8b00fcf30277526

COCOAPODS: 1.9.0
