PODS:
  - AuthLoginScreen (0.1.0):
    - RxCocoa
    - RxSwift
    - UIViewKit
    - Validator
  - AuthManager (0.1.0)
  - AuthPinScreen (0.1.0)
  - R.swift (5.1.0):
    - R.swift.Library (~> 5.1.0)
  - R.swift.Library (5.1.0)
  - RxCocoa (5.0.1):
    - RxRelay (~> 5)
    - RxSwift (~> 5)
  - RxRelay (5.0.1):
    - RxSwift (~> 5)
  - RxSwift (5.0.1)
  - SwiftLint (0.38.2)
  - UIViewKit (0.1.0)
  - Validator (3.2.1)

DEPENDENCIES:
  - AuthLoginScreen (from `LocalPods/AuthLoginScreen`)
  - AuthManager (from `LocalPods/AuthManager`)
  - AuthPinScreen (from `LocalPods/AuthPinScreen`)
  - R.swift
  - SwiftLint
  - UIViewKit (from `LocalPods/UIViewKit`)

SPEC REPOS:
  trunk:
    - R.swift
    - R.swift.Library
    - RxCocoa
    - RxRelay
    - RxSwift
    - SwiftLint
    - Validator

EXTERNAL SOURCES:
  AuthLoginScreen:
    :path: LocalPods/AuthLoginScreen
  AuthManager:
    :path: LocalPods/AuthManager
  AuthPinScreen:
    :path: LocalPods/AuthPinScreen
  UIViewKit:
    :path: LocalPods/UIViewKit

SPEC CHECKSUMS:
  AuthLoginScreen: 1b3d4cf7e16f3329e8627b63b73ad044ab6cd5f6
  AuthManager: 6982d3ccd15f8767ca1230bec0fcf86961250330
  AuthPinScreen: aaa252f425aa924b6b5d1f0f233bd21a109b0c9d
  R.swift: 8cbc4fc69b740305b6a17c8a8ed968eb788962d9
  R.swift.Library: fa85ce1e0d0b7e818cd9e080df910ba54d2776cc
  RxCocoa: e741b9749968e8a143e2b787f1dfbff2b63d0a5c
  RxRelay: 89d54507f4fd4d969e6ec1d4bd7f3673640b4640
  RxSwift: e2dc62b366a3adf6a0be44ba9f405efd4c94e0c4
  SwiftLint: 8f5d2f903e1c9bcbc832fd16771e80a263ac6cbb
  UIViewKit: 8d8b12b203a9c4d13c1d060abb3f323a0ed626a5
  Validator: 80a6f567220c962dfd2d9928ae98a8c1d164f6f4

PODFILE CHECKSUM: 90a8ce0e43efd25de42e9efdadbd9b0d469a6026

COCOAPODS: 1.9.0
